
Microsoft Visual Studio Solution File, Format Version 12.00
# Visual Studio 2013
VisualStudioVersion = 12.0.31101.0
MinimumVisualStudioVersion = 10.0.40219.1
Project("{FAE04EC0-301F-11D3-BF4B-00C04F79EFBC}") = "Mathgician", "Mathgician\Mathgician.csproj", "{C98DA4EF-A2B2-41E5-89C8-FF2464F2A61D}"
EndProject
Global
	GlobalSection(SolutionConfigurationPlatforms) = preSolution
		Debug|Any CPU = Debug|Any CPU
		Release|Any CPU = Release|Any CPU
	EndGlobalSection
	GlobalSection(ProjectConfigurationPlatforms) = postSolution
		{C98DA4EF-A2B2-41E5-89C8-FF2464F2A61D}.Debug|Any CPU.ActiveCfg = Debug|Any CPU
		{C98DA4EF-A2B2-41E5-89C8-FF2464F2A61D}.Debug|Any CPU.Build.0 = Debug|Any CPU
		{C98DA4EF-A2B2-41E5-89C8-FF2464F2A61D}.Release|Any CPU.ActiveCfg = Release|Any CPU
		{C98DA4EF-A2B2-41E5-89C8-FF2464F2A61D}.Release|Any CPU.Build.0 = Release|Any CPU
	EndGlobalSection
	GlobalSection(SolutionProperties) = preSolution
		HideSolutionNode = FALSE
	EndGlobalSection
EndGlobal
